// !$*UTF8*$!
{
	archiveVersion = 1;
	classes = {
	};
	objectVersion = 50;
	objects = {

/* Begin PBXBuildFile section */
		A002501425B8ABE5001450C9 /* yeeetApp.swift in Sources */ = {isa = PBXBuildFile; fileRef = A002501325B8ABE5001450C9 /* yeeetApp.swift */; };
		A002501625B8ABE5001450C9 /* ContentView.swift in Sources */ = {isa = PBXBuildFile; fileRef = A002501525B8ABE5001450C9 /* ContentView.swift */; };
		A002501825B8ABE6001450C9 /* Assets.xcassets in Resources */ = {isa = PBXBuildFile; fileRef = A002501725B8ABE6001450C9 /* Assets.xcassets */; };
		A002501B25B8ABE6001450C9 /* Preview Assets.xcassets in Resources */ = {isa = PBXBuildFile; fileRef = A002501A25B8ABE6001450C9 /* Preview Assets.xcassets */; };
		A002502625B8ABE6001450C9 /* yeeetTests.swift in Sources */ = {isa = PBXBuildFile; fileRef = A002502525B8ABE6001450C9 /* yeeetTests.swift */; };
		A002503125B8ABE6001450C9 /* yeeetUITests.swift in Sources */ = {isa = PBXBuildFile; fileRef = A002503025B8ABE6001450C9 /* yeeetUITests.swift */; };
/* End PBXBuildFile section */

/* Begin PBXContainerItemProxy section */
		A002502225B8ABE6001450C9 /* PBXContainerItemProxy */ = {
			isa = PBXContainerItemProxy;
			containerPortal = A002500825B8ABE4001450C9 /* Project object */;
			proxyType = 1;
			remoteGlobalIDString = A002500F25B8ABE5001450C9;
			remoteInfo = yeeet;
		};
		A002502D25B8ABE6001450C9 /* PBXContainerItemProxy */ = {
			isa = PBXContainerItemProxy;
			containerPortal = A002500825B8ABE4001450C9 /* Project object */;
			proxyType = 1;
			remoteGlobalIDString = A002500F25B8ABE5001450C9;
			remoteInfo = yeeet;
		};
/* End PBXContainerItemProxy section */

/* Begin PBXFileReference section */
		A002501025B8ABE5001450C9 /* yeeet.app */ = {isa = PBXFileReference; explicitFileType = wrapper.application; includeInIndex = 0; path = yeeet.app; sourceTree = BUILT_PRODUCTS_DIR; };
		A002501325B8ABE5001450C9 /* yeeetApp.swift */ = {isa = PBXFileReference; lastKnownFileType = sourcecode.swift; path = yeeetApp.swift; sourceTree = "<group>"; };
		A002501525B8ABE5001450C9 /* ContentView.swift */ = {isa = PBXFileReference; lastKnownFileType = sourcecode.swift; path = ContentView.swift; sourceTree = "<group>"; };
		A002501725B8ABE6001450C9 /* Assets.xcassets */ = {isa = PBXFileReference; lastKnownFileType = folder.assetcatalog; path = Assets.xcassets; sourceTree = "<group>"; };
		A002501A25B8ABE6001450C9 /* Preview Assets.xcassets */ = {isa = PBXFileReference; lastKnownFileType = folder.assetcatalog; path = "Preview Assets.xcassets"; sourceTree = "<group>"; };
		A002501C25B8ABE6001450C9 /* Info.plist */ = {isa = PBXFileReference; lastKnownFileType = text.plist.xml; path = Info.plist; sourceTree = "<group>"; };
		A002502125B8ABE6001450C9 /* yeeetTests.xctest */ = {isa = PBXFileReference; explicitFileType = wrapper.cfbundle; includeInIndex = 0; path = yeeetTests.xctest; sourceTree = BUILT_PRODUCTS_DIR; };
		A002502525B8ABE6001450C9 /* yeeetTests.swift */ = {isa = PBXFileReference; lastKnownFileType = sourcecode.swift; path = yeeetTests.swift; sourceTree = "<group>"; };
		A002502725B8ABE6001450C9 /* Info.plist */ = {isa = PBXFileReference; lastKnownFileType = text.plist.xml; path = Info.plist; sourceTree = "<group>"; };
		A002502C25B8ABE6001450C9 /* yeeetUITests.xctest */ = {isa = PBXFileReference; explicitFileType = wrapper.cfbundle; includeInIndex = 0; path = yeeetUITests.xctest; sourceTree = BUILT_PRODUCTS_DIR; };
		A002503025B8ABE6001450C9 /* yeeetUITests.swift */ = {isa = PBXFileReference; lastKnownFileType = sourcecode.swift; path = yeeetUITests.swift; sourceTree = "<group>"; };
		A002503225B8ABE6001450C9 /* Info.plist */ = {isa = PBXFileReference; lastKnownFileType = text.plist.xml; path = Info.plist; sourceTree = "<group>"; };
/* End PBXFileReference section */

/* Begin PBXFrameworksBuildPhase section */
		A002500D25B8ABE5001450C9 /* Frameworks */ = {
			isa = PBXFrameworksBuildPhase;
			buildActionMask = 2147483647;
			files = (
			);
			runOnlyForDeploymentPostprocessing = 0;
		};
		A002501E25B8ABE6001450C9 /* Frameworks */ = {
			isa = PBXFrameworksBuildPhase;
			buildActionMask = 2147483647;
			files = (
			);
			runOnlyForDeploymentPostprocessing = 0;
		};
		A002502925B8ABE6001450C9 /* Frameworks */ = {
			isa = PBXFrameworksBuildPhase;
			buildActionMask = 2147483647;
			files = (
			);
			runOnlyForDeploymentPostprocessing = 0;
		};
/* End PBXFrameworksBuildPhase section */

/* Begin PBXGroup section */
		A002500725B8ABE4001450C9 = {
			isa = PBXGroup;
			children = (
				A002501225B8ABE5001450C9 /* yeeet */,
				A002502425B8ABE6001450C9 /* yeeetTests */,
				A002502F25B8ABE6001450C9 /* yeeetUITests */,
				A002501125B8ABE5001450C9 /* Products */,
			);
			sourceTree = "<group>";
		};
		A002501125B8ABE5001450C9 /* Products */ = {
			isa = PBXGroup;
			children = (
				A002501025B8ABE5001450C9 /* yeeet.app */,
				A002502125B8ABE6001450C9 /* yeeetTests.xctest */,
				A002502C25B8ABE6001450C9 /* yeeetUITests.xctest */,
			);
			name = Products;
			sourceTree = "<group>";
		};
		A002501225B8ABE5001450C9 /* yeeet */ = {
			isa = PBXGroup;
			children = (
				A002501325B8ABE5001450C9 /* yeeetApp.swift */,
				A002501525B8ABE5001450C9 /* ContentView.swift */,
				A002501725B8ABE6001450C9 /* Assets.xcassets */,
				A002501C25B8ABE6001450C9 /* Info.plist */,
				A002501925B8ABE6001450C9 /* Preview Content */,
			);
			path = yeeet;
			sourceTree = "<group>";
		};
		A002501925B8ABE6001450C9 /* Preview Content */ = {
			isa = PBXGroup;
			children = (
				A002501A25B8ABE6001450C9 /* Preview Assets.xcassets */,
			);
			path = "Preview Content";
			sourceTree = "<group>";
		};
		A002502425B8ABE6001450C9 /* yeeetTests */ = {
			isa = PBXGroup;
			children = (
				A002502525B8ABE6001450C9 /* yeeetTests.swift */,
				A002502725B8ABE6001450C9 /* Info.plist */,
			);
			path = yeeetTests;
			sourceTree = "<group>";
		};
		A002502F25B8ABE6001450C9 /* yeeetUITests */ = {
			isa = PBXGroup;
			children = (
				A002503025B8ABE6001450C9 /* yeeetUITests.swift */,
				A002503225B8ABE6001450C9 /* Info.plist */,
			);
			path = yeeetUITests;
			sourceTree = "<group>";
		};
/* End PBXGroup section */

/* Begin PBXNativeTarget section */
		A002500F25B8ABE5001450C9 /* yeeet */ = {
			isa = PBXNativeTarget;
			buildConfigurationList = A002503525B8ABE6001450C9 /* Build configuration list for PBXNativeTarget "yeeet" */;
			buildPhases = (
				A002500C25B8ABE5001450C9 /* Sources */,
				A002500D25B8ABE5001450C9 /* Frameworks */,
				A002500E25B8ABE5001450C9 /* Resources */,
			);
			buildRules = (
			);
			dependencies = (
			);
			name = yeeet;
			productName = yeeet;
			productReference = A002501025B8ABE5001450C9 /* yeeet.app */;
			productType = "com.apple.product-type.application";
		};
		A002502025B8ABE6001450C9 /* yeeetTests */ = {
			isa = PBXNativeTarget;
			buildConfigurationList = A002503825B8ABE6001450C9 /* Build configuration list for PBXNativeTarget "yeeetTests" */;
			buildPhases = (
				A002501D25B8ABE6001450C9 /* Sources */,
				A002501E25B8ABE6001450C9 /* Frameworks */,
				A002501F25B8ABE6001450C9 /* Resources */,
			);
			buildRules = (
			);
			dependencies = (
				A002502325B8ABE6001450C9 /* PBXTargetDependency */,
			);
			name = yeeetTests;
			productName = yeeetTests;
			productReference = A002502125B8ABE6001450C9 /* yeeetTests.xctest */;
			productType = "com.apple.product-type.bundle.unit-test";
		};
		A002502B25B8ABE6001450C9 /* yeeetUITests */ = {
			isa = PBXNativeTarget;
			buildConfigurationList = A002503B25B8ABE6001450C9 /* Build configuration list for PBXNativeTarget "yeeetUITests" */;
			buildPhases = (
				A002502825B8ABE6001450C9 /* Sources */,
				A002502925B8ABE6001450C9 /* Frameworks */,
				A002502A25B8ABE6001450C9 /* Resources */,
			);
			buildRules = (
			);
			dependencies = (
				A002502E25B8ABE6001450C9 /* PBXTargetDependency */,
			);
			name = yeeetUITests;
			productName = yeeetUITests;
			productReference = A002502C25B8ABE6001450C9 /* yeeetUITests.xctest */;
			productType = "com.apple.product-type.bundle.ui-testing";
		};
/* End PBXNativeTarget section */

/* Begin PBXProject section */
		A002500825B8ABE4001450C9 /* Project object */ = {
			isa = PBXProject;
			attributes = {
				LastSwiftUpdateCheck = 1230;
				LastUpgradeCheck = 1230;
				TargetAttributes = {
					A002500F25B8ABE5001450C9 = {
						CreatedOnToolsVersion = 12.3;
					};
					A002502025B8ABE6001450C9 = {
						CreatedOnToolsVersion = 12.3;
						TestTargetID = A002500F25B8ABE5001450C9;
					};
					A002502B25B8ABE6001450C9 = {
						CreatedOnToolsVersion = 12.3;
						TestTargetID = A002500F25B8ABE5001450C9;
					};
				};
			};
			buildConfigurationList = A002500B25B8ABE4001450C9 /* Build configuration list for PBXProject "yeeet" */;
			compatibilityVersion = "Xcode 9.3";
			developmentRegion = en;
			hasScannedForEncodings = 0;
			knownRegions = (
				en,
				Base,
			);
			mainGroup = A002500725B8ABE4001450C9;
			productRefGroup = A002501125B8ABE5001450C9 /* Products */;
			projectDirPath = "";
			projectRoot = "";
			targets = (
				A002500F25B8ABE5001450C9 /* yeeet */,
				A002502025B8ABE6001450C9 /* yeeetTests */,
				A002502B25B8ABE6001450C9 /* yeeetUITests */,
			);
		};
/* End PBXProject section */

/* Begin PBXResourcesBuildPhase section */
		A002500E25B8ABE5001450C9 /* Resources */ = {
			isa = PBXResourcesBuildPhase;
			buildActionMask = 2147483647;
			files = (
				A002501B25B8ABE6001450C9 /* Preview Assets.xcassets in Resources */,
				A002501825B8ABE6001450C9 /* Assets.xcassets in Resources */,
			);
			runOnlyForDeploymentPostprocessing = 0;
		};
		A002501F25B8ABE6001450C9 /* Resources */ = {
			isa = PBXResourcesBuildPhase;
			buildActionMask = 2147483647;
			files = (
			);
			runOnlyForDeploymentPostprocessing = 0;
		};
		A002502A25B8ABE6001450C9 /* Resources */ = {
			isa = PBXResourcesBuildPhase;
			buildActionMask = 2147483647;
			files = (
			);
			runOnlyForDeploymentPostprocessing = 0;
		};
/* End PBXResourcesBuildPhase section */

/* Begin PBXSourcesBuildPhase section */
		A002500C25B8ABE5001450C9 /* Sources */ = {
			isa = PBXSourcesBuildPhase;
			buildActionMask = 2147483647;
			files = (
				A002501625B8ABE5001450C9 /* ContentView.swift in Sources */,
				A002501425B8ABE5001450C9 /* yeeetApp.swift in Sources */,
			);
			runOnlyForDeploymentPostprocessing = 0;
		};
		A002501D25B8ABE6001450C9 /* Sources */ = {
			isa = PBXSourcesBuildPhase;
			buildActionMask = 2147483647;
			files = (
				A002502625B8ABE6001450C9 /* yeeetTests.swift in Sources */,
			);
			runOnlyForDeploymentPostprocessing = 0;
		};
		A002502825B8ABE6001450C9 /* Sources */ = {
			isa = PBXSourcesBuildPhase;
			buildActionMask = 2147483647;
			files = (
				A002503125B8ABE6001450C9 /* yeeetUITests.swift in Sources */,
			);
			runOnlyForDeploymentPostprocessing = 0;
		};
/* End PBXSourcesBuildPhase section */

/* Begin PBXTargetDependency section */
		A002502325B8ABE6001450C9 /* PBXTargetDependency */ = {
			isa = PBXTargetDependency;
			target = A002500F25B8ABE5001450C9 /* yeeet */;
			targetProxy = A002502225B8ABE6001450C9 /* PBXContainerItemProxy */;
		};
		A002502E25B8ABE6001450C9 /* PBXTargetDependency */ = {
			isa = PBXTargetDependency;
			target = A002500F25B8ABE5001450C9 /* yeeet */;
			targetProxy = A002502D25B8ABE6001450C9 /* PBXContainerItemProxy */;
		};
/* End PBXTargetDependency section */

/* Begin XCBuildConfiguration section */
		A002503325B8ABE6001450C9 /* Debug */ = {
			isa = XCBuildConfiguration;
			buildSettings = {
				ALWAYS_SEARCH_USER_PATHS = NO;
				CLANG_ANALYZER_NONNULL = YES;
				CLANG_ANALYZER_NUMBER_OBJECT_CONVERSION = YES_AGGRESSIVE;
				CLANG_CXX_LANGUAGE_STANDARD = "gnu++14";
				CLANG_CXX_LIBRARY = "libc++";
				CLANG_ENABLE_MODULES = YES;
				CLANG_ENABLE_OBJC_ARC = YES;
				CLANG_ENABLE_OBJC_WEAK = YES;
				CLANG_WARN_BLOCK_CAPTURE_AUTORELEASING = YES;
				CLANG_WARN_BOOL_CONVERSION = YES;
				CLANG_WARN_COMMA = YES;
				CLANG_WARN_CONSTANT_CONVERSION = YES;
				CLANG_WARN_DEPRECATED_OBJC_IMPLEMENTATIONS = YES;
				CLANG_WARN_DIRECT_OBJC_ISA_USAGE = YES_ERROR;
				CLANG_WARN_DOCUMENTATION_COMMENTS = YES;
				CLANG_WARN_EMPTY_BODY = YES;
				CLANG_WARN_ENUM_CONVERSION = YES;
				CLANG_WARN_INFINITE_RECURSION = YES;
				CLANG_WARN_INT_CONVERSION = YES;
				CLANG_WARN_NON_LITERAL_NULL_CONVERSION = YES;
				CLANG_WARN_OBJC_IMPLICIT_RETAIN_SELF = YES;
				CLANG_WARN_OBJC_LITERAL_CONVERSION = YES;
				CLANG_WARN_OBJC_ROOT_CLASS = YES_ERROR;
				CLANG_WARN_QUOTED_INCLUDE_IN_FRAMEWORK_HEADER = YES;
				CLANG_WARN_RANGE_LOOP_ANALYSIS = YES;
				CLANG_WARN_STRICT_PROTOTYPES = YES;
				CLANG_WARN_SUSPICIOUS_MOVE = YES;
				CLANG_WARN_UNGUARDED_AVAILABILITY = YES_AGGRESSIVE;
				CLANG_WARN_UNREACHABLE_CODE = YES;
				CLANG_WARN__DUPLICATE_METHOD_MATCH = YES;
				COPY_PHASE_STRIP = NO;
				DEBUG_INFORMATION_FORMAT = dwarf;
				ENABLE_STRICT_OBJC_MSGSEND = YES;
				ENABLE_TESTABILITY = YES;
				GCC_C_LANGUAGE_STANDARD = gnu11;
				GCC_DYNAMIC_NO_PIC = NO;
				GCC_NO_COMMON_BLOCKS = YES;
				GCC_OPTIMIZATION_LEVEL = 0;
				GCC_PREPROCESSOR_DEFINITIONS = (
					"DEBUG=1",
					"$(inherited)",
				);
				GCC_WARN_64_TO_32_BIT_CONVERSION = YES;
				GCC_WARN_ABOUT_RETURN_TYPE = YES_ERROR;
				GCC_WARN_UNDECLARED_SELECTOR = YES;
				GCC_WARN_UNINITIALIZED_AUTOS = YES_AGGRESSIVE;
				GCC_WARN_UNUSED_FUNCTION = YES;
				GCC_WARN_UNUSED_VARIABLE = YES;
				IPHONEOS_DEPLOYMENT_TARGET = 14.3;
				MTL_ENABLE_DEBUG_INFO = INCLUDE_SOURCE;
				MTL_FAST_MATH = YES;
				ONLY_ACTIVE_ARCH = YES;
				SDKROOT = iphoneos;
				SWIFT_ACTIVE_COMPILATION_CONDITIONS = DEBUG;
				SWIFT_OPTIMIZATION_LEVEL = "-Onone";
			};
			name = Debug;
		};
		A002503425B8ABE6001450C9 /* Release */ = {
			isa = XCBuildConfiguration;
			buildSettings = {
				ALWAYS_SEARCH_USER_PATHS = NO;
				CLANG_ANALYZER_NONNULL = YES;
				CLANG_ANALYZER_NUMBER_OBJECT_CONVERSION = YES_AGGRESSIVE;
				CLANG_CXX_LANGUAGE_STANDARD = "gnu++14";
				CLANG_CXX_LIBRARY = "libc++";
				CLANG_ENABLE_MODULES = YES;
				CLANG_ENABLE_OBJC_ARC = YES;
				CLANG_ENABLE_OBJC_WEAK = YES;
				CLANG_WARN_BLOCK_CAPTURE_AUTORELEASING = YES;
				CLANG_WARN_BOOL_CONVERSION = YES;
				CLANG_WARN_COMMA = YES;
				CLANG_WARN_CONSTANT_CONVERSION = YES;
				CLANG_WARN_DEPRECATED_OBJC_IMPLEMENTATIONS = YES;
				CLANG_WARN_DIRECT_OBJC_ISA_USAGE = YES_ERROR;
				CLANG_WARN_DOCUMENTATION_COMMENTS = YES;
				CLANG_WARN_EMPTY_BODY = YES;
				CLANG_WARN_ENUM_CONVERSION = YES;
				CLANG_WARN_INFINITE_RECURSION = YES;
				CLANG_WARN_INT_CONVERSION = YES;
				CLANG_WARN_NON_LITERAL_NULL_CONVERSION = YES;
				CLANG_WARN_OBJC_IMPLICIT_RETAIN_SELF = YES;
				CLANG_WARN_OBJC_LITERAL_CONVERSION = YES;
				CLANG_WARN_OBJC_ROOT_CLASS = YES_ERROR;
				CLANG_WARN_QUOTED_INCLUDE_IN_FRAMEWORK_HEADER = YES;
				CLANG_WARN_RANGE_LOOP_ANALYSIS = YES;
				CLANG_WARN_STRICT_PROTOTYPES = YES;
				CLANG_WARN_SUSPICIOUS_MOVE = YES;
				CLANG_WARN_UNGUARDED_AVAILABILITY = YES_AGGRESSIVE;
				CLANG_WARN_UNREACHABLE_CODE = YES;
				CLANG_WARN__DUPLICATE_METHOD_MATCH = YES;
				COPY_PHASE_STRIP = NO;
				DEBUG_INFORMATION_FORMAT = "dwarf-with-dsym";
				ENABLE_NS_ASSERTIONS = NO;
				ENABLE_STRICT_OBJC_MSGSEND = YES;
				GCC_C_LANGUAGE_STANDARD = gnu11;
				GCC_NO_COMMON_BLOCKS = YES;
				GCC_WARN_64_TO_32_BIT_CONVERSION = YES;
				GCC_WARN_ABOUT_RETURN_TYPE = YES_ERROR;
				GCC_WARN_UNDECLARED_SELECTOR = YES;
				GCC_WARN_UNINITIALIZED_AUTOS = YES_AGGRESSIVE;
				GCC_WARN_UNUSED_FUNCTION = YES;
				GCC_WARN_UNUSED_VARIABLE = YES;
				IPHONEOS_DEPLOYMENT_TARGET = 14.3;
				MTL_ENABLE_DEBUG_INFO = NO;
				MTL_FAST_MATH = YES;
				SDKROOT = iphoneos;
				SWIFT_COMPILATION_MODE = wholemodule;
				SWIFT_OPTIMIZATION_LEVEL = "-O";
				VALIDATE_PRODUCT = YES;
			};
			name = Release;
		};
		A002503625B8ABE6001450C9 /* Debug */ = {
			isa = XCBuildConfiguration;
			buildSettings = {
				ASSETCATALOG_COMPILER_APPICON_NAME = AppIcon;
				ASSETCATALOG_COMPILER_GLOBAL_ACCENT_COLOR_NAME = AccentColor;
				CODE_SIGN_STYLE = Automatic;
				DEVELOPMENT_ASSET_PATHS = "\"yeeet/Preview Content\"";
				DEVELOPMENT_TEAM = 5HDXJ222N8;
				ENABLE_PREVIEWS = YES;
				INFOPLIST_FILE = yeeet/Info.plist;
				IPHONEOS_DEPLOYMENT_TARGET = 14.0;
				LD_RUNPATH_SEARCH_PATHS = (
					"$(inherited)",
					"@executable_path/Frameworks",
				);
				PRODUCT_BUNDLE_IDENTIFIER = Tulsatech.com.yeeet;
				PRODUCT_NAME = "$(TARGET_NAME)";
				SWIFT_VERSION = 5.0;
				TARGETED_DEVICE_FAMILY = "1,2";
			};
			name = Debug;
		};
		A002503725B8ABE6001450C9 /* Release */ = {
			isa = XCBuildConfiguration;
			buildSettings = {
				ASSETCATALOG_COMPILER_APPICON_NAME = AppIcon;
				ASSETCATALOG_COMPILER_GLOBAL_ACCENT_COLOR_NAME = AccentColor;
				CODE_SIGN_STYLE = Automatic;
				DEVELOPMENT_ASSET_PATHS = "\"yeeet/Preview Content\"";
				DEVELOPMENT_TEAM = 5HDXJ222N8;
				ENABLE_PREVIEWS = YES;
				INFOPLIST_FILE = yeeet/Info.plist;
				IPHONEOS_DEPLOYMENT_TARGET = 14.0;
				LD_RUNPATH_SEARCH_PATHS = (
					"$(inherited)",
					"@executable_path/Frameworks",
				);
				PRODUCT_BUNDLE_IDENTIFIER = Tulsatech.com.yeeet;
				PRODUCT_NAME = "$(TARGET_NAME)";
				SWIFT_VERSION = 5.0;
				TARGETED_DEVICE_FAMILY = "1,2";
			};
			name = Release;
		};
		A002503925B8ABE6001450C9 /* Debug */ = {
			isa = XCBuildConfiguration;
			buildSettings = {
				ALWAYS_EMBED_SWIFT_STANDARD_LIBRARIES = YES;
				BUNDLE_LOADER = "$(TEST_HOST)";
				CODE_SIGN_STYLE = Automatic;
				DEVELOPMENT_TEAM = 5HDXJ222N8;
				INFOPLIST_FILE = yeeetTests/Info.plist;
				IPHONEOS_DEPLOYMENT_TARGET = 14.0;
				LD_RUNPATH_SEARCH_PATHS = (
					"$(inherited)",
					"@executable_path/Frameworks",
					"@loader_path/Frameworks",
				);
				PRODUCT_BUNDLE_IDENTIFIER = Tulsatech.com.yeeetTests;
				PRODUCT_NAME = "$(TARGET_NAME)";
				SWIFT_VERSION = 5.0;
				TARGETED_DEVICE_FAMILY = "1,2";
				TEST_HOST = "$(BUILT_PRODUCTS_DIR)/yeeet.app/yeeet";
			};
			name = Debug;
		};
		A002503A25B8ABE6001450C9 /* Release */ = {
			isa = XCBuildConfiguration;
			buildSettings = {
				ALWAYS_EMBED_SWIFT_STANDARD_LIBRARIES = YES;
				BUNDLE_LOADER = "$(TEST_HOST)";
				CODE_SIGN_STYLE = Automatic;
				DEVELOPMENT_TEAM = 5HDXJ222N8;
				INFOPLIST_FILE = yeeetTests/Info.plist;
				IPHONEOS_DEPLOYMENT_TARGET = 14.0;
				LD_RUNPATH_SEARCH_PATHS = (
					"$(inherited)",
					"@executable_path/Frameworks",
					"@loader_path/Frameworks",
				);
				PRODUCT_BUNDLE_IDENTIFIER = Tulsatech.com.yeeetTests;
				PRODUCT_NAME = "$(TARGET_NAME)";
				SWIFT_VERSION = 5.0;
				TARGETED_DEVICE_FAMILY = "1,2";
				TEST_HOST = "$(BUILT_PRODUCTS_DIR)/yeeet.app/yeeet";
			};
			name = Release;
		};
		A002503C25B8ABE6001450C9 /* Debug */ = {
			isa = XCBuildConfiguration;
			buildSettings = {
				ALWAYS_EMBED_SWIFT_STANDARD_LIBRARIES = YES;
				CODE_SIGN_STYLE = Automatic;
				DEVELOPMENT_TEAM = 5HDXJ222N8;
				INFOPLIST_FILE = yeeetUITests/Info.plist;
				LD_RUNPATH_SEARCH_PATHS = (
					"$(inherited)",
					"@executable_path/Frameworks",
					"@loader_path/Frameworks",
				);
				PRODUCT_BUNDLE_IDENTIFIER = Tulsatech.com.yeeetUITests;
				PRODUCT_NAME = "$(TARGET_NAME)";
				SWIFT_VERSION = 5.0;
				TARGETED_DEVICE_FAMILY = "1,2";
				TEST_TARGET_NAME = yeeet;
			};
			name = Debug;
		};
		A002503D25B8ABE6001450C9 /* Release */ = {
			isa = XCBuildConfiguration;
			buildSettings = {
				ALWAYS_EMBED_SWIFT_STANDARD_LIBRARIES = YES;
				CODE_SIGN_STYLE = Automatic;
				DEVELOPMENT_TEAM = 5HDXJ222N8;
				INFOPLIST_FILE = yeeetUITests/Info.plist;
				LD_RUNPATH_SEARCH_PATHS = (
					"$(inherited)",
					"@executable_path/Frameworks",
					"@loader_path/Frameworks",
				);
				PRODUCT_BUNDLE_IDENTIFIER = Tulsatech.com.yeeetUITests;
				PRODUCT_NAME = "$(TARGET_NAME)";
				SWIFT_VERSION = 5.0;
				TARGETED_DEVICE_FAMILY = "1,2";
				TEST_TARGET_NAME = yeeet;
			};
			name = Release;
		};
/* End XCBuildConfiguration section */

/* Begin XCConfigurationList section */
		A002500B25B8ABE4001450C9 /* Build configuration list for PBXProject "yeeet" */ = {
			isa = XCConfigurationList;
			buildConfigurations = (
				A002503325B8ABE6001450C9 /* Debug */,
				A002503425B8ABE6001450C9 /* Release */,
			);
			defaultConfigurationIsVisible = 0;
			defaultConfigurationName = Release;
		};
		A002503525B8ABE6001450C9 /* Build configuration list for PBXNativeTarget "yeeet" */ = {
			isa = XCConfigurationList;
			buildConfigurations = (
				A002503625B8ABE6001450C9 /* Debug */,
				A002503725B8ABE6001450C9 /* Release */,
			);
			defaultConfigurationIsVisible = 0;
			defaultConfigurationName = Release;
		};
		A002503825B8ABE6001450C9 /* Build configuration list for PBXNativeTarget "yeeetTests" */ = {
			isa = XCConfigurationList;
			buildConfigurations = (
				A002503925B8ABE6001450C9 /* Debug */,
				A002503A25B8ABE6001450C9 /* Release */,
			);
			defaultConfigurationIsVisible = 0;
			defaultConfigurationName = Release;
		};
		A002503B25B8ABE6001450C9 /* Build configuration list for PBXNativeTarget "yeeetUITests" */ = {
			isa = XCConfigurationList;
			buildConfigurations = (
				A002503C25B8ABE6001450C9 /* Debug */,
				A002503D25B8ABE6001450C9 /* Release */,
			);
			defaultConfigurationIsVisible = 0;
			defaultConfigurationName = Release;
		};
/* End XCConfigurationList section */
	};
	rootObject = A002500825B8ABE4001450C9 /* Project object */;
}
